
Microsoft Visual Studio Solution File, Format Version 12.00
# Visual Studio 15
VisualStudioVersion = 15.0.26730.12
MinimumVisualStudioVersion = 10.0.40219.1
Project("{FAE04EC0-301F-11D3-BF4B-00C04F79EFBC}") = "DrakeLyrics", "DrakeLyrics\DrakeLyrics.csproj", "{83FE0AB7-09D7-4132-9246-4E2D9BA91957}"
EndProject
Global
	GlobalSection(SolutionConfigurationPlatforms) = preSolution
		Debug|Any CPU = Debug|Any CPU
		Release|Any CPU = Release|Any CPU
	EndGlobalSection
	GlobalSection(ProjectConfigurationPlatforms) = postSolution
		{83FE0AB7-09D7-4132-9246-4E2D9BA91957}.Debug|Any CPU.ActiveCfg = Debug|Any CPU
		{83FE0AB7-09D7-4132-9246-4E2D9BA91957}.Debug|Any CPU.Build.0 = Debug|Any CPU
		{83FE0AB7-09D7-4132-9246-4E2D9BA91957}.Release|Any CPU.ActiveCfg = Release|Any CPU
		{83FE0AB7-09D7-4132-9246-4E2D9BA91957}.Release|Any CPU.Build.0 = Release|Any CPU
	EndGlobalSection
	GlobalSection(SolutionProperties) = preSolution
		HideSolutionNode = FALSE
	EndGlobalSection
	GlobalSection(ExtensibilityGlobals) = postSolution
		SolutionGuid = {70F991C6-EC10-4036-9B97-4B09DC15107E}
	EndGlobalSection
EndGlobal
