
Microsoft Visual Studio Solution File, Format Version 12.00
# Visual Studio 15
VisualStudioVersion = 15.0.26730.12
MinimumVisualStudioVersion = 10.0.40219.1
Project("{FAE04EC0-301F-11D3-BF4B-00C04F79EFBC}") = "Lists", "Lists\Lists.csproj", "{32D15640-4FF6-47F4-A648-8C780D295D0C}"
EndProject
Global
	GlobalSection(SolutionConfigurationPlatforms) = preSolution
		Debug|Any CPU = Debug|Any CPU
		Release|Any CPU = Release|Any CPU
	EndGlobalSection
	GlobalSection(ProjectConfigurationPlatforms) = postSolution
		{32D15640-4FF6-47F4-A648-8C780D295D0C}.Debug|Any CPU.ActiveCfg = Debug|Any CPU
		{32D15640-4FF6-47F4-A648-8C780D295D0C}.Debug|Any CPU.Build.0 = Debug|Any CPU
		{32D15640-4FF6-47F4-A648-8C780D295D0C}.Release|Any CPU.ActiveCfg = Release|Any CPU
		{32D15640-4FF6-47F4-A648-8C780D295D0C}.Release|Any CPU.Build.0 = Release|Any CPU
	EndGlobalSection
	GlobalSection(SolutionProperties) = preSolution
		HideSolutionNode = FALSE
	EndGlobalSection
	GlobalSection(ExtensibilityGlobals) = postSolution
		SolutionGuid = {B546D463-7BC7-45AC-A307-032F46A8534B}
	EndGlobalSection
EndGlobal
